
Microsoft Visual Studio Solution File, Format Version 12.00
Project("{2150E333-8FDC-42A3-9474-1A3956D46DE8}") = "src", "src", "{4CD6AED6-2819-45D9-BA06-73B8BAD7599D}"
EndProject
Project("{2150E333-8FDC-42A3-9474-1A3956D46DE8}") = "Modules", "Modules", "{162C210B-7631-4AC9-A3C8-4A564E929A07}"
EndProject
Project("{2150E333-8FDC-42A3-9474-1A3956D46DE8}") = "Order", "Order", "{0402635C-F380-43DC-80E0-D7588940D127}"
EndProject
Project("{FAE04EC0-301F-11D3-BF4B-00C04F79EFBC}") = "Ecommerce.Order.Core", "src\Modules\Order\Ecommerce.Order.Core\Ecommerce.Order.Core.csproj", "{F9770BD6-1E08-4981-AC91-6CA65812FF6F}"
EndProject
Project("{FAE04EC0-301F-11D3-BF4B-00C04F79EFBC}") = "Ecommerce.Order.Infrastructure", "src\Modules\Order\Ecommerce.Order.Infrastructure\Ecommerce.Order.Infrastructure.csproj", "{F4EE11F6-7E1A-4A50-8A68-7685EED1B93E}"
EndProject
Project("{2150E333-8FDC-42A3-9474-1A3956D46DE8}") = "Shared", "Shared", "{75F9E492-59AD-4973-A9F2-76F85B2F4962}"
EndProject
Project("{FAE04EC0-301F-11D3-BF4B-00C04F79EFBC}") = "Ecommerce.Shared.Abstractions", "src\Shared\Ecommerce.Shared.Abstractions\Ecommerce.Shared.Abstractions.csproj", "{F84C83E8-996A-4077-9BBE-CF1770AA360B}"
EndProject
Project("{FAE04EC0-301F-11D3-BF4B-00C04F79EFBC}") = "Ecommerce.Shared", "src\Shared\Ecommerce.Shared\Ecommerce.Shared.csproj", "{E2D7F5A3-BC3F-4A2F-853A-39BB30FBAA1E}"
EndProject
Project("{2150E333-8FDC-42A3-9474-1A3956D46DE8}") = "Bootstrapper", "Bootstrapper", "{05CFE93F-241F-46CC-9EDE-449184FBDEF4}"
EndProject
Project("{FAE04EC0-301F-11D3-BF4B-00C04F79EFBC}") = "Ecommerce.Bootstrapper", "src\Bootstrapper\Ecommerce.Bootstrapper\Ecommerce.Bootstrapper.csproj", "{7FDF10A0-80F5-477E-9C89-109BC8494BCA}"
EndProject
Project("{FAE04EC0-301F-11D3-BF4B-00C04F79EFBC}") = "Ecommerce.Order", "src\Modules\Order\Ecommerce.Order\Ecommerce.Order.csproj", "{0B8B8B50-461C-4321-9DF4-E68C880F33C4}"
EndProject
Project("{FAE04EC0-301F-11D3-BF4B-00C04F79EFBC}") = "Ecommerce.Order.Shared", "src\Modules\Order\Ecommerce.Order.Shared\Ecommerce.Order.Shared.csproj", "{F824E4F7-F935-484D-8C54-9FB33193C39A}"
EndProject
Project("{2150E333-8FDC-42A3-9474-1A3956D46DE8}") = "Inventory", "Inventory", "{487B350D-96D9-47D3-A6A2-B51892A5B1D5}"
EndProject
Project("{FAE04EC0-301F-11D3-BF4B-00C04F79EFBC}") = "Ecommerce.Inventory.Core", "src\Modules\Inventory\Ecommerce.Inventory.Core\Ecommerce.Inventory.Core.csproj", "{45F4EB1A-F396-4FF9-BAB7-51ADC48B6783}"
EndProject
Project("{FAE04EC0-301F-11D3-BF4B-00C04F79EFBC}") = "Ecommerce.Inventory.Shared", "src\Modules\Inventory\Ecommerce.Inventory.Shared\Ecommerce.Inventory.Shared.csproj", "{AD767BBB-CDCF-4952-B767-1B4BEE249453}"
EndProject
Project("{FAE04EC0-301F-11D3-BF4B-00C04F79EFBC}") = "Ecommerce.Inventory.Infrastructure", "src\Modules\Inventory\Ecommerce.Inventory.Infrastructure\Ecommerce.Inventory.Infrastructure.csproj", "{3E716D38-E9E7-4AA5-A885-14B36406885B}"
EndProject
Project("{FAE04EC0-301F-11D3-BF4B-00C04F79EFBC}") = "Ecommerce.Inventory", "src\Modules\Inventory\Ecommerce.Inventory\Ecommerce.Inventory.csproj", "{2A7AE2E0-4771-45EC-9542-7205B8F1AF7E}"
EndProject
Project("{2150E333-8FDC-42A3-9474-1A3956D46DE8}") = "OrderSaga", "OrderSaga", "{769421F5-3505-4677-8A64-6C7DCE2516EC}"
EndProject
Project("{FAE04EC0-301F-11D3-BF4B-00C04F79EFBC}") = "Ecommerce.OrderSaga", "src\Modules\OrderSaga\Ecommerce.OrderSaga\Ecommerce.OrderSaga.csproj", "{D9E62E9E-9DCC-485D-B8FD-87E7745197D3}"
EndProject
Project("{2150E333-8FDC-42A3-9474-1A3956D46DE8}") = "Payment", "Payment", "{7848B0D7-2A95-4CB6-BD93-CD32A7459E60}"
EndProject
Project("{FAE04EC0-301F-11D3-BF4B-00C04F79EFBC}") = "Ecommerce.Payment.Infrastructure", "src\Modules\Payment\Ecommerce.Payment.Infrastructure\Ecommerce.Payment.Infrastructure.csproj", "{E05F3611-424E-422E-A904-7CE51CA30756}"
EndProject
Project("{FAE04EC0-301F-11D3-BF4B-00C04F79EFBC}") = "Ecommerce.Payment.Core", "src\Modules\Payment\Ecommerce.Payment.Core\Ecommerce.Payment.Core.csproj", "{FF23A880-4ED6-47EF-8E26-FA778EC0B334}"
EndProject
Project("{FAE04EC0-301F-11D3-BF4B-00C04F79EFBC}") = "Ecommerce.Payment.Shared", "src\Modules\Payment\Ecommerce.Payment.Shared\Ecommerce.Payment.Shared.csproj", "{610B33B4-FB6E-4250-81D7-6C98197CF846}"
EndProject
Project("{FAE04EC0-301F-11D3-BF4B-00C04F79EFBC}") = "Ecommerce.Payment", "src\Modules\Payment\Ecommerce.Payment\Ecommerce.Payment.csproj", "{203C764E-04E6-4CEE-B574-0222C520FD06}"
EndProject
Global
	GlobalSection(SolutionConfigurationPlatforms) = preSolution
		Debug|Any CPU = Debug|Any CPU
		Release|Any CPU = Release|Any CPU
	EndGlobalSection
	GlobalSection(ProjectConfigurationPlatforms) = postSolution
		{F9770BD6-1E08-4981-AC91-6CA65812FF6F}.Debug|Any CPU.ActiveCfg = Debug|Any CPU
		{F9770BD6-1E08-4981-AC91-6CA65812FF6F}.Debug|Any CPU.Build.0 = Debug|Any CPU
		{F9770BD6-1E08-4981-AC91-6CA65812FF6F}.Release|Any CPU.ActiveCfg = Release|Any CPU
		{F9770BD6-1E08-4981-AC91-6CA65812FF6F}.Release|Any CPU.Build.0 = Release|Any CPU
		{F4EE11F6-7E1A-4A50-8A68-7685EED1B93E}.Debug|Any CPU.ActiveCfg = Debug|Any CPU
		{F4EE11F6-7E1A-4A50-8A68-7685EED1B93E}.Debug|Any CPU.Build.0 = Debug|Any CPU
		{F4EE11F6-7E1A-4A50-8A68-7685EED1B93E}.Release|Any CPU.ActiveCfg = Release|Any CPU
		{F4EE11F6-7E1A-4A50-8A68-7685EED1B93E}.Release|Any CPU.Build.0 = Release|Any CPU
		{F84C83E8-996A-4077-9BBE-CF1770AA360B}.Debug|Any CPU.ActiveCfg = Debug|Any CPU
		{F84C83E8-996A-4077-9BBE-CF1770AA360B}.Debug|Any CPU.Build.0 = Debug|Any CPU
		{F84C83E8-996A-4077-9BBE-CF1770AA360B}.Release|Any CPU.ActiveCfg = Release|Any CPU
		{F84C83E8-996A-4077-9BBE-CF1770AA360B}.Release|Any CPU.Build.0 = Release|Any CPU
		{E2D7F5A3-BC3F-4A2F-853A-39BB30FBAA1E}.Debug|Any CPU.ActiveCfg = Debug|Any CPU
		{E2D7F5A3-BC3F-4A2F-853A-39BB30FBAA1E}.Debug|Any CPU.Build.0 = Debug|Any CPU
		{E2D7F5A3-BC3F-4A2F-853A-39BB30FBAA1E}.Release|Any CPU.ActiveCfg = Release|Any CPU
		{E2D7F5A3-BC3F-4A2F-853A-39BB30FBAA1E}.Release|Any CPU.Build.0 = Release|Any CPU
		{7FDF10A0-80F5-477E-9C89-109BC8494BCA}.Debug|Any CPU.ActiveCfg = Debug|Any CPU
		{7FDF10A0-80F5-477E-9C89-109BC8494BCA}.Debug|Any CPU.Build.0 = Debug|Any CPU
		{7FDF10A0-80F5-477E-9C89-109BC8494BCA}.Release|Any CPU.ActiveCfg = Release|Any CPU
		{7FDF10A0-80F5-477E-9C89-109BC8494BCA}.Release|Any CPU.Build.0 = Release|Any CPU
		{0B8B8B50-461C-4321-9DF4-E68C880F33C4}.Debug|Any CPU.ActiveCfg = Debug|Any CPU
		{0B8B8B50-461C-4321-9DF4-E68C880F33C4}.Debug|Any CPU.Build.0 = Debug|Any CPU
		{0B8B8B50-461C-4321-9DF4-E68C880F33C4}.Release|Any CPU.ActiveCfg = Release|Any CPU
		{0B8B8B50-461C-4321-9DF4-E68C880F33C4}.Release|Any CPU.Build.0 = Release|Any CPU
		{F824E4F7-F935-484D-8C54-9FB33193C39A}.Debug|Any CPU.ActiveCfg = Debug|Any CPU
		{F824E4F7-F935-484D-8C54-9FB33193C39A}.Debug|Any CPU.Build.0 = Debug|Any CPU
		{F824E4F7-F935-484D-8C54-9FB33193C39A}.Release|Any CPU.ActiveCfg = Release|Any CPU
		{F824E4F7-F935-484D-8C54-9FB33193C39A}.Release|Any CPU.Build.0 = Release|Any CPU
		{45F4EB1A-F396-4FF9-BAB7-51ADC48B6783}.Debug|Any CPU.ActiveCfg = Debug|Any CPU
		{45F4EB1A-F396-4FF9-BAB7-51ADC48B6783}.Debug|Any CPU.Build.0 = Debug|Any CPU
		{45F4EB1A-F396-4FF9-BAB7-51ADC48B6783}.Release|Any CPU.ActiveCfg = Release|Any CPU
		{45F4EB1A-F396-4FF9-BAB7-51ADC48B6783}.Release|Any CPU.Build.0 = Release|Any CPU
		{AD767BBB-CDCF-4952-B767-1B4BEE249453}.Debug|Any CPU.ActiveCfg = Debug|Any CPU
		{AD767BBB-CDCF-4952-B767-1B4BEE249453}.Debug|Any CPU.Build.0 = Debug|Any CPU
		{AD767BBB-CDCF-4952-B767-1B4BEE249453}.Release|Any CPU.ActiveCfg = Release|Any CPU
		{AD767BBB-CDCF-4952-B767-1B4BEE249453}.Release|Any CPU.Build.0 = Release|Any CPU
		{3E716D38-E9E7-4AA5-A885-14B36406885B}.Debug|Any CPU.ActiveCfg = Debug|Any CPU
		{3E716D38-E9E7-4AA5-A885-14B36406885B}.Debug|Any CPU.Build.0 = Debug|Any CPU
		{3E716D38-E9E7-4AA5-A885-14B36406885B}.Release|Any CPU.ActiveCfg = Release|Any CPU
		{3E716D38-E9E7-4AA5-A885-14B36406885B}.Release|Any CPU.Build.0 = Release|Any CPU
		{2A7AE2E0-4771-45EC-9542-7205B8F1AF7E}.Debug|Any CPU.ActiveCfg = Debug|Any CPU
		{2A7AE2E0-4771-45EC-9542-7205B8F1AF7E}.Debug|Any CPU.Build.0 = Debug|Any CPU
		{2A7AE2E0-4771-45EC-9542-7205B8F1AF7E}.Release|Any CPU.ActiveCfg = Release|Any CPU
		{2A7AE2E0-4771-45EC-9542-7205B8F1AF7E}.Release|Any CPU.Build.0 = Release|Any CPU
		{D9E62E9E-9DCC-485D-B8FD-87E7745197D3}.Debug|Any CPU.ActiveCfg = Debug|Any CPU
		{D9E62E9E-9DCC-485D-B8FD-87E7745197D3}.Debug|Any CPU.Build.0 = Debug|Any CPU
		{D9E62E9E-9DCC-485D-B8FD-87E7745197D3}.Release|Any CPU.ActiveCfg = Release|Any CPU
		{D9E62E9E-9DCC-485D-B8FD-87E7745197D3}.Release|Any CPU.Build.0 = Release|Any CPU
		{E05F3611-424E-422E-A904-7CE51CA30756}.Debug|Any CPU.ActiveCfg = Debug|Any CPU
		{E05F3611-424E-422E-A904-7CE51CA30756}.Debug|Any CPU.Build.0 = Debug|Any CPU
		{E05F3611-424E-422E-A904-7CE51CA30756}.Release|Any CPU.ActiveCfg = Release|Any CPU
		{E05F3611-424E-422E-A904-7CE51CA30756}.Release|Any CPU.Build.0 = Release|Any CPU
		{FF23A880-4ED6-47EF-8E26-FA778EC0B334}.Debug|Any CPU.ActiveCfg = Debug|Any CPU
		{FF23A880-4ED6-47EF-8E26-FA778EC0B334}.Debug|Any CPU.Build.0 = Debug|Any CPU
		{FF23A880-4ED6-47EF-8E26-FA778EC0B334}.Release|Any CPU.ActiveCfg = Release|Any CPU
		{FF23A880-4ED6-47EF-8E26-FA778EC0B334}.Release|Any CPU.Build.0 = Release|Any CPU
		{610B33B4-FB6E-4250-81D7-6C98197CF846}.Debug|Any CPU.ActiveCfg = Debug|Any CPU
		{610B33B4-FB6E-4250-81D7-6C98197CF846}.Debug|Any CPU.Build.0 = Debug|Any CPU
		{610B33B4-FB6E-4250-81D7-6C98197CF846}.Release|Any CPU.ActiveCfg = Release|Any CPU
		{610B33B4-FB6E-4250-81D7-6C98197CF846}.Release|Any CPU.Build.0 = Release|Any CPU
		{203C764E-04E6-4CEE-B574-0222C520FD06}.Debug|Any CPU.ActiveCfg = Debug|Any CPU
		{203C764E-04E6-4CEE-B574-0222C520FD06}.Debug|Any CPU.Build.0 = Debug|Any CPU
		{203C764E-04E6-4CEE-B574-0222C520FD06}.Release|Any CPU.ActiveCfg = Release|Any CPU
		{203C764E-04E6-4CEE-B574-0222C520FD06}.Release|Any CPU.Build.0 = Release|Any CPU
	EndGlobalSection
	GlobalSection(NestedProjects) = preSolution
		{162C210B-7631-4AC9-A3C8-4A564E929A07} = {4CD6AED6-2819-45D9-BA06-73B8BAD7599D}
		{0402635C-F380-43DC-80E0-D7588940D127} = {162C210B-7631-4AC9-A3C8-4A564E929A07}
		{F9770BD6-1E08-4981-AC91-6CA65812FF6F} = {0402635C-F380-43DC-80E0-D7588940D127}
		{F4EE11F6-7E1A-4A50-8A68-7685EED1B93E} = {0402635C-F380-43DC-80E0-D7588940D127}
		{75F9E492-59AD-4973-A9F2-76F85B2F4962} = {4CD6AED6-2819-45D9-BA06-73B8BAD7599D}
		{F84C83E8-996A-4077-9BBE-CF1770AA360B} = {75F9E492-59AD-4973-A9F2-76F85B2F4962}
		{E2D7F5A3-BC3F-4A2F-853A-39BB30FBAA1E} = {75F9E492-59AD-4973-A9F2-76F85B2F4962}
		{05CFE93F-241F-46CC-9EDE-449184FBDEF4} = {4CD6AED6-2819-45D9-BA06-73B8BAD7599D}
		{7FDF10A0-80F5-477E-9C89-109BC8494BCA} = {05CFE93F-241F-46CC-9EDE-449184FBDEF4}
		{0B8B8B50-461C-4321-9DF4-E68C880F33C4} = {0402635C-F380-43DC-80E0-D7588940D127}
		{F824E4F7-F935-484D-8C54-9FB33193C39A} = {0402635C-F380-43DC-80E0-D7588940D127}
		{487B350D-96D9-47D3-A6A2-B51892A5B1D5} = {162C210B-7631-4AC9-A3C8-4A564E929A07}
		{45F4EB1A-F396-4FF9-BAB7-51ADC48B6783} = {487B350D-96D9-47D3-A6A2-B51892A5B1D5}
		{AD767BBB-CDCF-4952-B767-1B4BEE249453} = {487B350D-96D9-47D3-A6A2-B51892A5B1D5}
		{3E716D38-E9E7-4AA5-A885-14B36406885B} = {487B350D-96D9-47D3-A6A2-B51892A5B1D5}
		{2A7AE2E0-4771-45EC-9542-7205B8F1AF7E} = {487B350D-96D9-47D3-A6A2-B51892A5B1D5}
		{769421F5-3505-4677-8A64-6C7DCE2516EC} = {162C210B-7631-4AC9-A3C8-4A564E929A07}
		{D9E62E9E-9DCC-485D-B8FD-87E7745197D3} = {769421F5-3505-4677-8A64-6C7DCE2516EC}
		{7848B0D7-2A95-4CB6-BD93-CD32A7459E60} = {162C210B-7631-4AC9-A3C8-4A564E929A07}
		{E05F3611-424E-422E-A904-7CE51CA30756} = {7848B0D7-2A95-4CB6-BD93-CD32A7459E60}
		{FF23A880-4ED6-47EF-8E26-FA778EC0B334} = {7848B0D7-2A95-4CB6-BD93-CD32A7459E60}
		{610B33B4-FB6E-4250-81D7-6C98197CF846} = {7848B0D7-2A95-4CB6-BD93-CD32A7459E60}
		{203C764E-04E6-4CEE-B574-0222C520FD06} = {7848B0D7-2A95-4CB6-BD93-CD32A7459E60}
	EndGlobalSection
EndGlobal
